# This file is generated by running "yarn install" inside your project.
# Manual changes might be lost - proceed with caution!

__metadata:
  version: 6
  cacheKey: 8

"mustache@npm:^4.2.0":
  version: 4.2.0
  resolution: "mustache@npm:4.2.0"
  bin:
    mustache: bin/mustache
  checksum: 928fcb63e3aa44a562bfe9b59ba202cccbe40a46da50be6f0dd831b495be1dd7e38ca4657f0ecab2c1a89dc7bccba0885eab7ee7c1b215830da765758c7e0506
  languageName: node
  linkType: hard

"pte2@workspace:.":
  version: 0.0.0-use.local
  resolution: "pte2@workspace:."
  dependencies:
    mustache: ^4.2.0
    toml: ^3.0.0
  languageName: unknown
  linkType: soft

"toml@npm:^3.0.0":
  version: 3.0.0
  resolution: "toml@npm:3.0.0"
  checksum: 5d7f1d8413ad7780e9bdecce8ea4c3f5130dd53b0a4f2e90b93340979a137739879d7b9ce2ce05c938b8cc828897fe9e95085197342a1377dd8850bf5125f15f
  languageName: node
  linkType: hard
